
Microsoft Visual Studio Solution File, Format Version 12.00
# Visual Studio Version 17
VisualStudioVersion = 17.14.36429.23
MinimumVisualStudioVersion = 10.0.40219.1
Project("{FAE04EC0-301F-11D3-BF4B-00C04F79EFBC}") = "EatDomicile.Core", "EatDomicile.Core\EatDomicile.Core.csproj", "{5A3F1BDD-C0B4-48F1-91A5-6F6A1EEA901D}"
EndProject
Project("{FAE04EC0-301F-11D3-BF4B-00C04F79EFBC}") = "EatDomicile.Api", "EatDomicile.Api\EatDomicile.Api.csproj", "{CC36695E-6BD9-4592-9B6D-FE1D1BB5B085}"
EndProject
Project("{FAE04EC0-301F-11D3-BF4B-00C04F79EFBC}") = "EatDomicile.Web.Services", "EatDomicile.Web.Services\EatDomicile.Web.Services.csproj", "{A0072176-DC42-4C36-BE55-D5A403AD0EB5}"
EndProject
Project("{FAE04EC0-301F-11D3-BF4B-00C04F79EFBC}") = "EatDomicile.Web", "EatDomicile.Web\EatDomicile.Web.csproj", "{FBE0659A-3839-4445-8FDE-C9CF99A7466B}"
EndProject
Global
	GlobalSection(SolutionConfigurationPlatforms) = preSolution
		Debug|Any CPU = Debug|Any CPU
		Release|Any CPU = Release|Any CPU
	EndGlobalSection
	GlobalSection(ProjectConfigurationPlatforms) = postSolution
		{5A3F1BDD-C0B4-48F1-91A5-6F6A1EEA901D}.Debug|Any CPU.ActiveCfg = Debug|Any CPU
		{5A3F1BDD-C0B4-48F1-91A5-6F6A1EEA901D}.Debug|Any CPU.Build.0 = Debug|Any CPU
		{5A3F1BDD-C0B4-48F1-91A5-6F6A1EEA901D}.Release|Any CPU.ActiveCfg = Release|Any CPU
		{5A3F1BDD-C0B4-48F1-91A5-6F6A1EEA901D}.Release|Any CPU.Build.0 = Release|Any CPU
		{CC36695E-6BD9-4592-9B6D-FE1D1BB5B085}.Debug|Any CPU.ActiveCfg = Debug|Any CPU
		{CC36695E-6BD9-4592-9B6D-FE1D1BB5B085}.Debug|Any CPU.Build.0 = Debug|Any CPU
		{CC36695E-6BD9-4592-9B6D-FE1D1BB5B085}.Release|Any CPU.ActiveCfg = Release|Any CPU
		{CC36695E-6BD9-4592-9B6D-FE1D1BB5B085}.Release|Any CPU.Build.0 = Release|Any CPU
		{A0072176-DC42-4C36-BE55-D5A403AD0EB5}.Debug|Any CPU.ActiveCfg = Debug|Any CPU
		{A0072176-DC42-4C36-BE55-D5A403AD0EB5}.Debug|Any CPU.Build.0 = Debug|Any CPU
		{A0072176-DC42-4C36-BE55-D5A403AD0EB5}.Release|Any CPU.ActiveCfg = Release|Any CPU
		{A0072176-DC42-4C36-BE55-D5A403AD0EB5}.Release|Any CPU.Build.0 = Release|Any CPU
		{FBE0659A-3839-4445-8FDE-C9CF99A7466B}.Debug|Any CPU.ActiveCfg = Debug|Any CPU
		{FBE0659A-3839-4445-8FDE-C9CF99A7466B}.Debug|Any CPU.Build.0 = Debug|Any CPU
		{FBE0659A-3839-4445-8FDE-C9CF99A7466B}.Release|Any CPU.ActiveCfg = Release|Any CPU
		{FBE0659A-3839-4445-8FDE-C9CF99A7466B}.Release|Any CPU.Build.0 = Release|Any CPU
	EndGlobalSection
	GlobalSection(SolutionProperties) = preSolution
		HideSolutionNode = FALSE
	EndGlobalSection
	GlobalSection(ExtensibilityGlobals) = postSolution
		SolutionGuid = {6C915A0A-9C64-48C8-94BA-7AEEF8DBC691}
	EndGlobalSection
EndGlobal
